schema: '2.0'
stages:
  prepare:
    cmd: python3.11 src/prepare.py data/raw data/prepared
    deps:
    - path: data/raw
      hash: md5
      md5: 6d8f0c274829764e1ea1112420825014.dir
      size: 8822930
      nfiles: 1605
    - path: src/prepare.py
      hash: md5
      md5: 4eebf010d346897091c0a342aece4940
      size: 2513
    - path: src/utils/seed.py
      hash: md5
      md5: 963a551c177450f50e4f11bd1a9ab2c7
      size: 437
    params:
      params.yaml:
        prepare:
          seed: 77
          split: 0.2
          image_size:
          - 32
          - 32
          grayscale: true
    outs:
    - path: data/prepared
      hash: md5
      md5: 91b2091d836746c58a8095d4d982f4d2.dir
      size: 6616391
      nfiles: 8
  train:
    cmd: python3.11 src/train.py data/prepared model
    deps:
    - path: data/prepared
      hash: md5
      md5: 91b2091d836746c58a8095d4d982f4d2.dir
      size: 6616391
      nfiles: 8
    - path: src/train.py
      hash: md5
      md5: 4360f7c1e39d19a4dc602c83d1d5799f
      size: 3878
    - path: src/utils/seed.py
      hash: md5
      md5: 963a551c177450f50e4f11bd1a9ab2c7
      size: 437
    params:
      params.yaml:
        train:
          seed: 77
          lr: 0.001
          epochs: 10
          conv_size: 64
          dense_size: 128
          output_classes: 11
    outs:
    - path: model
      hash: md5
      md5: 5697aa309ea8b372143f8af6ee7c1fe7.dir
      size: 8375715
      nfiles: 2
  evaluate:
    cmd: python3.11 src/evaluate.py model data/prepared
    deps:
    - path: model
      hash: md5
      md5: 5697aa309ea8b372143f8af6ee7c1fe7.dir
      size: 8375715
      nfiles: 2
    - path: src/evaluate.py
      hash: md5
      md5: e098419e25d6457b750193f9360fd1a9
      size: 5507
    outs:
    - path: evaluation/metrics.json
      hash: md5
      md5: 94e1ea98300fb108895aca96e12731ed
      size: 64
    - path: evaluation/plots/confusion_matrix.png
      hash: md5
      md5: 1595188aa3d6205cd03355b70c81cd81
      size: 40698
    - path: evaluation/plots/pred_preview.png
      hash: md5
      md5: 613ac6ed4a4568bfac3f149198f8bf28
      size: 38425
    - path: evaluation/plots/training_history.png
      hash: md5
      md5: 9d0ac7703c6fbf628b277f22b04e2ca0
      size: 34066
