schema: '2.0'
stages:
  prepare:
    cmd: python3.11 src/prepare.py data/raw data/prepared
    deps:
    - path: data/raw
      hash: md5
      md5: e739e92826719204999e629ce5fbd989.dir
      size: 9002123
      nfiles: 1638
    - path: src/prepare.py
      hash: md5
      md5: 4eebf010d346897091c0a342aece4940
      size: 2513
    - path: src/utils/seed.py
      hash: md5
      md5: 963a551c177450f50e4f11bd1a9ab2c7
      size: 437
    params:
      params.yaml:
        prepare:
          seed: 77
          split: 0.2
          image_size:
          - 32
          - 32
          grayscale: true
    outs:
    - path: data/prepared
      hash: md5
      md5: cd054ddcaab18a71609355d9d110ab56.dir
      size: 6751485
      nfiles: 8
  train:
    cmd: python3.11 src/train.py data/prepared model
    deps:
    - path: data/prepared
      hash: md5
      md5: cd054ddcaab18a71609355d9d110ab56.dir
      size: 6751485
      nfiles: 8
    - path: src/train.py
      hash: md5
      md5: a2b6bab7cd21554bd3d2496b1253daa4
      size: 3878
    - path: src/utils/seed.py
      hash: md5
      md5: 963a551c177450f50e4f11bd1a9ab2c7
      size: 437
    params:
      params.yaml:
        train:
          seed: 77
          lr: 0.0001
          epochs: 10
          conv_size: 32
          dense_size: 64
          output_classes: 11
    outs:
    - path: model
      hash: md5
      md5: ede6b6b2b5d56ecddeec8f896bafd3e3.dir
      size: 2013475
      nfiles: 2
  evaluate:
    cmd: python3.11 src/evaluate.py model data/prepared
    deps:
    - path: model
      hash: md5
      md5: ede6b6b2b5d56ecddeec8f896bafd3e3.dir
      size: 2013475
      nfiles: 2
    - path: src/evaluate.py
      hash: md5
      md5: 4d4d3d3269968490e7bdfde82f5feee1
      size: 5502
    outs:
    - path: evaluation/metrics.json
      hash: md5
      md5: 08b75c5eebeffe3b734915eeac87676a
      size: 63
    - path: evaluation/plots/confusion_matrix.png
      hash: md5
      md5: e4bb5e740cf836e50954f08261c60a15
      size: 46388
    - path: evaluation/plots/pred_preview.png
      hash: md5
      md5: b2a5a335533edcba25179f8026de0075
      size: 40182
    - path: evaluation/plots/training_history.png
      hash: md5
      md5: 63642f5f5ad0c318184bb085566daecb
      size: 34884
